
Microsoft Visual Studio Solution File, Format Version 12.00
# Visual Studio Version 16
VisualStudioVersion = 16.0.30717.126
MinimumVisualStudioVersion = 10.0.40219.1
Project("{FAE04EC0-301F-11D3-BF4B-00C04F79EFBC}") = "NewAPI", "NewAPI.csproj", "{B817CF87-14C2-4A6A-A84A-84DD70F20C39}"
EndProject
Global
	GlobalSection(SolutionConfigurationPlatforms) = preSolution
		Debug|Any CPU = Debug|Any CPU
		Release|Any CPU = Release|Any CPU
	EndGlobalSection
	GlobalSection(ProjectConfigurationPlatforms) = postSolution
		{B817CF87-14C2-4A6A-A84A-84DD70F20C39}.Debug|Any CPU.ActiveCfg = Debug|Any CPU
		{B817CF87-14C2-4A6A-A84A-84DD70F20C39}.Debug|Any CPU.Build.0 = Debug|Any CPU
		{B817CF87-14C2-4A6A-A84A-84DD70F20C39}.Release|Any CPU.ActiveCfg = Release|Any CPU
		{B817CF87-14C2-4A6A-A84A-84DD70F20C39}.Release|Any CPU.Build.0 = Release|Any CPU
	EndGlobalSection
	GlobalSection(SolutionProperties) = preSolution
		HideSolutionNode = FALSE
	EndGlobalSection
	GlobalSection(ExtensibilityGlobals) = postSolution
		SolutionGuid = {F22C160C-D421-4802-BCF3-37E3604B156F}
	EndGlobalSection
EndGlobal
